
Microsoft Visual Studio Solution File, Format Version 12.00
# Visual Studio Version 17
VisualStudioVersion = 17.1.32210.238
MinimumVisualStudioVersion = 10.0.40219.1
Project("{FAE04EC0-301F-11D3-BF4B-00C04F79EFBC}") = "Day23_problems", "Day23_problems\Day23_problems.csproj", "{3DCED649-577E-4AAF-B934-D16916D03541}"
EndProject
Global
	GlobalSection(SolutionConfigurationPlatforms) = preSolution
		Debug|Any CPU = Debug|Any CPU
		Release|Any CPU = Release|Any CPU
	EndGlobalSection
	GlobalSection(ProjectConfigurationPlatforms) = postSolution
		{3DCED649-577E-4AAF-B934-D16916D03541}.Debug|Any CPU.ActiveCfg = Debug|Any CPU
		{3DCED649-577E-4AAF-B934-D16916D03541}.Debug|Any CPU.Build.0 = Debug|Any CPU
		{3DCED649-577E-4AAF-B934-D16916D03541}.Release|Any CPU.ActiveCfg = Release|Any CPU
		{3DCED649-577E-4AAF-B934-D16916D03541}.Release|Any CPU.Build.0 = Release|Any CPU
	EndGlobalSection
	GlobalSection(SolutionProperties) = preSolution
		HideSolutionNode = FALSE
	EndGlobalSection
	GlobalSection(ExtensibilityGlobals) = postSolution
		SolutionGuid = {E7D2153B-00F7-4EBA-B5ED-110D47BF25C5}
	EndGlobalSection
EndGlobal
